
Microsoft Visual Studio Solution File, Format Version 12.00
# Visual Studio Version 16
VisualStudioVersion = 16.0.29215.179
MinimumVisualStudioVersion = 10.0.40219.1
Project("{FAE04EC0-301F-11D3-BF4B-00C04F79EFBC}") = "ClothingAPI", "ClothingAPI\ClothingAPI.csproj", "{0064A533-BB30-4333-B43E-44B1F5FF53A7}"
EndProject
Project("{FAE04EC0-301F-11D3-BF4B-00C04F79EFBC}") = "Clothing.Test", "Clothing.Test\Clothing.Test.csproj", "{CFE28A23-3B35-4F69-815B-DC3AD9B662DB}"
EndProject
Global
	GlobalSection(SolutionConfigurationPlatforms) = preSolution
		Debug|Any CPU = Debug|Any CPU
		Release|Any CPU = Release|Any CPU
	EndGlobalSection
	GlobalSection(ProjectConfigurationPlatforms) = postSolution
		{0064A533-BB30-4333-B43E-44B1F5FF53A7}.Debug|Any CPU.ActiveCfg = Debug|Any CPU
		{0064A533-BB30-4333-B43E-44B1F5FF53A7}.Debug|Any CPU.Build.0 = Debug|Any CPU
		{0064A533-BB30-4333-B43E-44B1F5FF53A7}.Release|Any CPU.ActiveCfg = Release|Any CPU
		{0064A533-BB30-4333-B43E-44B1F5FF53A7}.Release|Any CPU.Build.0 = Release|Any CPU
		{CFE28A23-3B35-4F69-815B-DC3AD9B662DB}.Debug|Any CPU.ActiveCfg = Debug|Any CPU
		{CFE28A23-3B35-4F69-815B-DC3AD9B662DB}.Debug|Any CPU.Build.0 = Debug|Any CPU
		{CFE28A23-3B35-4F69-815B-DC3AD9B662DB}.Release|Any CPU.ActiveCfg = Release|Any CPU
		{CFE28A23-3B35-4F69-815B-DC3AD9B662DB}.Release|Any CPU.Build.0 = Release|Any CPU
	EndGlobalSection
	GlobalSection(SolutionProperties) = preSolution
		HideSolutionNode = FALSE
	EndGlobalSection
	GlobalSection(ExtensibilityGlobals) = postSolution
		SolutionGuid = {F66CD660-BADA-4E46-8EB6-700692452278}
	EndGlobalSection
EndGlobal
